
Microsoft Visual Studio Solution File, Format Version 12.00
# Visual Studio Version 16
VisualStudioVersion = 16.0.29403.142
MinimumVisualStudioVersion = 10.0.40219.1
Project("{8BC9CEB8-8B4A-11D0-8D11-00A0C91BC942}") = "Kursovaya", "Kursovaya.vcxproj", "{9A293CAA-0442-4430-9C5F-E64DBEEA5E3F}"
EndProject
Global
	GlobalSection(SolutionConfigurationPlatforms) = preSolution
		Debug|x64 = Debug|x64
		Debug|x86 = Debug|x86
		Release|x64 = Release|x64
		Release|x86 = Release|x86
	EndGlobalSection
	GlobalSection(ProjectConfigurationPlatforms) = postSolution
		{9A293CAA-0442-4430-9C5F-E64DBEEA5E3F}.Debug|x64.ActiveCfg = Debug|x64
		{9A293CAA-0442-4430-9C5F-E64DBEEA5E3F}.Debug|x64.Build.0 = Debug|x64
		{9A293CAA-0442-4430-9C5F-E64DBEEA5E3F}.Debug|x86.ActiveCfg = Debug|Win32
		{9A293CAA-0442-4430-9C5F-E64DBEEA5E3F}.Debug|x86.Build.0 = Debug|Win32
		{9A293CAA-0442-4430-9C5F-E64DBEEA5E3F}.Release|x64.ActiveCfg = Release|x64
		{9A293CAA-0442-4430-9C5F-E64DBEEA5E3F}.Release|x64.Build.0 = Release|x64
		{9A293CAA-0442-4430-9C5F-E64DBEEA5E3F}.Release|x86.ActiveCfg = Release|Win32
		{9A293CAA-0442-4430-9C5F-E64DBEEA5E3F}.Release|x86.Build.0 = Release|Win32
	EndGlobalSection
	GlobalSection(SolutionProperties) = preSolution
		HideSolutionNode = FALSE
	EndGlobalSection
	GlobalSection(ExtensibilityGlobals) = postSolution
		SolutionGuid = {30584C1B-E959-43FB-9CAD-AA39B5C2A4DA}
	EndGlobalSection
EndGlobal
